// !$*UTF8*$!
{
	archiveVersion = 1;
	classes = {
	};
	objectVersion = 46;
	objects = {

/* Begin PBXBuildFile section */
		0F8144951374E3D5000144F2 /* Frame1.png in Resources */ = {isa = PBXBuildFile; fileRef = 0F81448B1374E3D5000144F2 /* Frame1.png */; };
		0F8144961374E3D5000144F2 /* Frame2.png in Resources */ = {isa = PBXBuildFile; fileRef = 0F81448C1374E3D5000144F2 /* Frame2.png */; };
		0F8144971374E3D5000144F2 /* Frame3.png in Resources */ = {isa = PBXBuildFile; fileRef = 0F81448D1374E3D5000144F2 /* Frame3.png */; };
		0F8144981374E3D5000144F2 /* Frame4.png in Resources */ = {isa = PBXBuildFile; fileRef = 0F81448E1374E3D5000144F2 /* Frame4.png */; };
		0F8144991374E3D5000144F2 /* Frame5.png in Resources */ = {isa = PBXBuildFile; fileRef = 0F81448F1374E3D5000144F2 /* Frame5.png */; };
		0F81449A1374E3D5000144F2 /* Frame6.png in Resources */ = {isa = PBXBuildFile; fileRef = 0F8144901374E3D5000144F2 /* Frame6.png */; };
		0F81449B1374E3D5000144F2 /* Frame7.png in Resources */ = {isa = PBXBuildFile; fileRef = 0F8144911374E3D5000144F2 /* Frame7.png */; };
		0F81449C1374E3D5000144F2 /* Frame8.png in Resources */ = {isa = PBXBuildFile; fileRef = 0F8144921374E3D5000144F2 /* Frame8.png */; };
		0F81449D1374E3D5000144F2 /* Frame9.png in Resources */ = {isa = PBXBuildFile; fileRef = 0F8144931374E3D5000144F2 /* Frame9.png */; };
		0F81449E1374E3D5000144F2 /* Frame10.png in Resources */ = {isa = PBXBuildFile; fileRef = 0F8144941374E3D5000144F2 /* Frame10.png */; };
		0F8144AA1374E7D4000144F2 /* FrameSelectorViewController.m in Sources */ = {isa = PBXBuildFile; fileRef = 0F8144A81374E7D4000144F2 /* FrameSelectorViewController.m */; };
		0F8144AB1374E7D4000144F2 /* FrameSelectorViewController.xib in Resources */ = {isa = PBXBuildFile; fileRef = 0F8144A91374E7D4000144F2 /* FrameSelectorViewController.xib */; };
		0F8FF4181373B725008BF9AE /* UIKit.framework in Frameworks */ = {isa = PBXBuildFile; fileRef = 0F8FF4171373B725008BF9AE /* UIKit.framework */; };
		0F8FF41A1373B725008BF9AE /* Foundation.framework in Frameworks */ = {isa = PBXBuildFile; fileRef = 0F8FF4191373B725008BF9AE /* Foundation.framework */; };
		0F8FF41C1373B725008BF9AE /* CoreGraphics.framework in Frameworks */ = {isa = PBXBuildFile; fileRef = 0F8FF41B1373B725008BF9AE /* CoreGraphics.framework */; };
		0F8FF4221373B725008BF9AE /* InfoPlist.strings in Resources */ = {isa = PBXBuildFile; fileRef = 0F8FF4201373B725008BF9AE /* InfoPlist.strings */; };
		0F8FF4251373B725008BF9AE /* main.m in Sources */ = {isa = PBXBuildFile; fileRef = 0F8FF4241373B725008BF9AE /* main.m */; };
		0F8FF4281373B725008BF9AE /* PhotoComposerAppDelegate.m in Sources */ = {isa = PBXBuildFile; fileRef = 0F8FF4271373B725008BF9AE /* PhotoComposerAppDelegate.m */; };
		0F8FF42B1373B725008BF9AE /* MainWindow.xib in Resources */ = {isa = PBXBuildFile; fileRef = 0F8FF4291373B725008BF9AE /* MainWindow.xib */; };
		0F8FF42E1373B725008BF9AE /* PhotoComposerViewController.m in Sources */ = {isa = PBXBuildFile; fileRef = 0F8FF42D1373B725008BF9AE /* PhotoComposerViewController.m */; };
		0F8FF4311373B725008BF9AE /* PhotoComposerViewController.xib in Resources */ = {isa = PBXBuildFile; fileRef = 0F8FF42F1373B725008BF9AE /* PhotoComposerViewController.xib */; };
		0F8FF4471373D11A008BF9AE /* CameraOverlayViewController.m in Sources */ = {isa = PBXBuildFile; fileRef = 0F8FF4451373D11A008BF9AE /* CameraOverlayViewController.m */; };
		0F8FF4481373D11A008BF9AE /* CameraOverlayViewController.xib in Resources */ = {isa = PBXBuildFile; fileRef = 0F8FF4461373D11A008BF9AE /* CameraOverlayViewController.xib */; };
		0F8FF44E1373E519008BF9AE /* AssetsLibrary.framework in Frameworks */ = {isa = PBXBuildFile; fileRef = 0F8FF44D1373E519008BF9AE /* AssetsLibrary.framework */; };
		0F918FE5137516F4006CE7B9 /* Frame12.png in Resources */ = {isa = PBXBuildFile; fileRef = 0F918FE4137516F4006CE7B9 /* Frame12.png */; };
		0F918FE813751C7E006CE7B9 /* Frame11.png in Resources */ = {isa = PBXBuildFile; fileRef = 0F918FE713751C7E006CE7B9 /* Frame11.png */; };
		0F91902913756DCF006CE7B9 /* CommentInputViewController.m in Sources */ = {isa = PBXBuildFile; fileRef = 0F91902713756DCE006CE7B9 /* CommentInputViewController.m */; };
		0F91902A13756DCF006CE7B9 /* CommentInputViewController.xib in Resources */ = {isa = PBXBuildFile; fileRef = 0F91902813756DCE006CE7B9 /* CommentInputViewController.xib */; };
/* End PBXBuildFile section */

/* Begin PBXFileReference section */
		0F81448B1374E3D5000144F2 /* Frame1.png */ = {isa = PBXFileReference; lastKnownFileType = image.png; path = Frame1.png; sourceTree = "<group>"; };
		0F81448C1374E3D5000144F2 /* Frame2.png */ = {isa = PBXFileReference; lastKnownFileType = image.png; path = Frame2.png; sourceTree = "<group>"; };
		0F81448D1374E3D5000144F2 /* Frame3.png */ = {isa = PBXFileReference; lastKnownFileType = image.png; path = Frame3.png; sourceTree = "<group>"; };
		0F81448E1374E3D5000144F2 /* Frame4.png */ = {isa = PBXFileReference; lastKnownFileType = image.png; path = Frame4.png; sourceTree = "<group>"; };
		0F81448F1374E3D5000144F2 /* Frame5.png */ = {isa = PBXFileReference; lastKnownFileType = image.png; path = Frame5.png; sourceTree = "<group>"; };
		0F8144901374E3D5000144F2 /* Frame6.png */ = {isa = PBXFileReference; lastKnownFileType = image.png; path = Frame6.png; sourceTree = "<group>"; };
		0F8144911374E3D5000144F2 /* Frame7.png */ = {isa = PBXFileReference; lastKnownFileType = image.png; path = Frame7.png; sourceTree = "<group>"; };
		0F8144921374E3D5000144F2 /* Frame8.png */ = {isa = PBXFileReference; lastKnownFileType = image.png; path = Frame8.png; sourceTree = "<group>"; };
		0F8144931374E3D5000144F2 /* Frame9.png */ = {isa = PBXFileReference; lastKnownFileType = image.png; path = Frame9.png; sourceTree = "<group>"; };
		0F8144941374E3D5000144F2 /* Frame10.png */ = {isa = PBXFileReference; lastKnownFileType = image.png; path = Frame10.png; sourceTree = "<group>"; };
		0F8144A71374E7D4000144F2 /* FrameSelectorViewController.h */ = {isa = PBXFileReference; fileEncoding = 4; lastKnownFileType = sourcecode.c.h; path = FrameSelectorViewController.h; sourceTree = "<group>"; };
		0F8144A81374E7D4000144F2 /* FrameSelectorViewController.m */ = {isa = PBXFileReference; fileEncoding = 4; lastKnownFileType = sourcecode.c.objc; path = FrameSelectorViewController.m; sourceTree = "<group>"; };
		0F8144A91374E7D4000144F2 /* FrameSelectorViewController.xib */ = {isa = PBXFileReference; fileEncoding = 4; lastKnownFileType = file.xib; path = FrameSelectorViewController.xib; sourceTree = "<group>"; };
		0F8FF4131373B725008BF9AE /* PhotoComposer.app */ = {isa = PBXFileReference; explicitFileType = wrapper.application; includeInIndex = 0; path = PhotoComposer.app; sourceTree = BUILT_PRODUCTS_DIR; };
		0F8FF4171373B725008BF9AE /* UIKit.framework */ = {isa = PBXFileReference; lastKnownFileType = wrapper.framework; name = UIKit.framework; path = System/Library/Frameworks/UIKit.framework; sourceTree = SDKROOT; };
		0F8FF4191373B725008BF9AE /* Foundation.framework */ = {isa = PBXFileReference; lastKnownFileType = wrapper.framework; name = Foundation.framework; path = System/Library/Frameworks/Foundation.framework; sourceTree = SDKROOT; };
		0F8FF41B1373B725008BF9AE /* CoreGraphics.framework */ = {isa = PBXFileReference; lastKnownFileType = wrapper.framework; name = CoreGraphics.framework; path = System/Library/Frameworks/CoreGraphics.framework; sourceTree = SDKROOT; };
		0F8FF41F1373B725008BF9AE /* PhotoComposer-Info.plist */ = {isa = PBXFileReference; lastKnownFileType = text.plist.xml; path = "PhotoComposer-Info.plist"; sourceTree = "<group>"; };
		0F8FF4211373B725008BF9AE /* en */ = {isa = PBXFileReference; lastKnownFileType = text.plist.strings; name = en; path = en.lproj/InfoPlist.strings; sourceTree = "<group>"; };
		0F8FF4231373B725008BF9AE /* PhotoComposer-Prefix.pch */ = {isa = PBXFileReference; lastKnownFileType = sourcecode.c.h; path = "PhotoComposer-Prefix.pch"; sourceTree = "<group>"; };
		0F8FF4241373B725008BF9AE /* main.m */ = {isa = PBXFileReference; lastKnownFileType = sourcecode.c.objc; path = main.m; sourceTree = "<group>"; };
		0F8FF4261373B725008BF9AE /* PhotoComposerAppDelegate.h */ = {isa = PBXFileReference; lastKnownFileType = sourcecode.c.h; path = PhotoComposerAppDelegate.h; sourceTree = "<group>"; };
		0F8FF4271373B725008BF9AE /* PhotoComposerAppDelegate.m */ = {isa = PBXFileReference; lastKnownFileType = sourcecode.c.objc; path = PhotoComposerAppDelegate.m; sourceTree = "<group>"; };
		0F8FF42A1373B725008BF9AE /* en */ = {isa = PBXFileReference; lastKnownFileType = file.xib; name = en; path = en.lproj/MainWindow.xib; sourceTree = "<group>"; };
		0F8FF42C1373B725008BF9AE /* PhotoComposerViewController.h */ = {isa = PBXFileReference; lastKnownFileType = sourcecode.c.h; path = PhotoComposerViewController.h; sourceTree = "<group>"; };
		0F8FF42D1373B725008BF9AE /* PhotoComposerViewController.m */ = {isa = PBXFileReference; lastKnownFileType = sourcecode.c.objc; path = PhotoComposerViewController.m; sourceTree = "<group>"; };
		0F8FF4301373B725008BF9AE /* en */ = {isa = PBXFileReference; lastKnownFileType = file.xib; name = en; path = en.lproj/PhotoComposerViewController.xib; sourceTree = "<group>"; };
		0F8FF4441373D11A008BF9AE /* CameraOverlayViewController.h */ = {isa = PBXFileReference; fileEncoding = 4; lastKnownFileType = sourcecode.c.h; path = CameraOverlayViewController.h; sourceTree = "<group>"; };
		0F8FF4451373D11A008BF9AE /* CameraOverlayViewController.m */ = {isa = PBXFileReference; fileEncoding = 4; lastKnownFileType = sourcecode.c.objc; path = CameraOverlayViewController.m; sourceTree = "<group>"; };
		0F8FF4461373D11A008BF9AE /* CameraOverlayViewController.xib */ = {isa = PBXFileReference; fileEncoding = 4; lastKnownFileType = file.xib; path = CameraOverlayViewController.xib; sourceTree = "<group>"; };
		0F8FF44D1373E519008BF9AE /* AssetsLibrary.framework */ = {isa = PBXFileReference; lastKnownFileType = wrapper.framework; name = AssetsLibrary.framework; path = System/Library/Frameworks/AssetsLibrary.framework; sourceTree = SDKROOT; };
		0F918FE4137516F4006CE7B9 /* Frame12.png */ = {isa = PBXFileReference; lastKnownFileType = image.png; path = Frame12.png; sourceTree = "<group>"; };
		0F918FE713751C7E006CE7B9 /* Frame11.png */ = {isa = PBXFileReference; lastKnownFileType = image.png; path = Frame11.png; sourceTree = "<group>"; };
		0F91902613756DCE006CE7B9 /* CommentInputViewController.h */ = {isa = PBXFileReference; fileEncoding = 4; lastKnownFileType = sourcecode.c.h; path = CommentInputViewController.h; sourceTree = "<group>"; };
		0F91902713756DCE006CE7B9 /* CommentInputViewController.m */ = {isa = PBXFileReference; fileEncoding = 4; lastKnownFileType = sourcecode.c.objc; path = CommentInputViewController.m; sourceTree = "<group>"; };
		0F91902813756DCE006CE7B9 /* CommentInputViewController.xib */ = {isa = PBXFileReference; fileEncoding = 4; lastKnownFileType = file.xib; path = CommentInputViewController.xib; sourceTree = "<group>"; };
/* End PBXFileReference section */

/* Begin PBXFrameworksBuildPhase section */
		0F8FF4101373B725008BF9AE /* Frameworks */ = {
			isa = PBXFrameworksBuildPhase;
			buildActionMask = 2147483647;
			files = (
				0F8FF44E1373E519008BF9AE /* AssetsLibrary.framework in Frameworks */,
				0F8FF4181373B725008BF9AE /* UIKit.framework in Frameworks */,
				0F8FF41A1373B725008BF9AE /* Foundation.framework in Frameworks */,
				0F8FF41C1373B725008BF9AE /* CoreGraphics.framework in Frameworks */,
			);
			runOnlyForDeploymentPostprocessing = 0;
		};
/* End PBXFrameworksBuildPhase section */

/* Begin PBXGroup section */
		0F8144891374E3B7000144F2 /* Resources */ = {
			isa = PBXGroup;
			children = (
				0F81448B1374E3D5000144F2 /* Frame1.png */,
				0F81448C1374E3D5000144F2 /* Frame2.png */,
				0F81448D1374E3D5000144F2 /* Frame3.png */,
				0F81448E1374E3D5000144F2 /* Frame4.png */,
				0F81448F1374E3D5000144F2 /* Frame5.png */,
				0F8144901374E3D5000144F2 /* Frame6.png */,
				0F8144911374E3D5000144F2 /* Frame7.png */,
				0F8144921374E3D5000144F2 /* Frame8.png */,
				0F8144931374E3D5000144F2 /* Frame9.png */,
				0F8144941374E3D5000144F2 /* Frame10.png */,
				0F918FE713751C7E006CE7B9 /* Frame11.png */,
				0F918FE4137516F4006CE7B9 /* Frame12.png */,
			);
			name = Resources;
			sourceTree = "<group>";
		};
		0F8FF4081373B725008BF9AE = {
			isa = PBXGroup;
			children = (
				0F8FF41D1373B725008BF9AE /* PhotoComposer */,
				0F8FF4161373B725008BF9AE /* Frameworks */,
				0F8FF4141373B725008BF9AE /* Products */,
			);
			sourceTree = "<group>";
		};
		0F8FF4141373B725008BF9AE /* Products */ = {
			isa = PBXGroup;
			children = (
				0F8FF4131373B725008BF9AE /* PhotoComposer.app */,
			);
			name = Products;
			sourceTree = "<group>";
		};
		0F8FF4161373B725008BF9AE /* Frameworks */ = {
			isa = PBXGroup;
			children = (
				0F8FF44D1373E519008BF9AE /* AssetsLibrary.framework */,
				0F8FF4171373B725008BF9AE /* UIKit.framework */,
				0F8FF4191373B725008BF9AE /* Foundation.framework */,
				0F8FF41B1373B725008BF9AE /* CoreGraphics.framework */,
			);
			name = Frameworks;
			sourceTree = "<group>";
		};
		0F8FF41D1373B725008BF9AE /* PhotoComposer */ = {
			isa = PBXGroup;
			children = (
				0F8144891374E3B7000144F2 /* Resources */,
				0F8FF4261373B725008BF9AE /* PhotoComposerAppDelegate.h */,
				0F8FF4271373B725008BF9AE /* PhotoComposerAppDelegate.m */,
				0F8FF4291373B725008BF9AE /* MainWindow.xib */,
				0F8FF42C1373B725008BF9AE /* PhotoComposerViewController.h */,
				0F8FF42D1373B725008BF9AE /* PhotoComposerViewController.m */,
				0F8FF42F1373B725008BF9AE /* PhotoComposerViewController.xib */,
				0F8144A71374E7D4000144F2 /* FrameSelectorViewController.h */,
				0F8144A81374E7D4000144F2 /* FrameSelectorViewController.m */,
				0F8144A91374E7D4000144F2 /* FrameSelectorViewController.xib */,
				0F8FF41E1373B725008BF9AE /* Supporting Files */,
				0F8FF4441373D11A008BF9AE /* CameraOverlayViewController.h */,
				0F8FF4451373D11A008BF9AE /* CameraOverlayViewController.m */,
				0F8FF4461373D11A008BF9AE /* CameraOverlayViewController.xib */,
				0F91902613756DCE006CE7B9 /* CommentInputViewController.h */,
				0F91902713756DCE006CE7B9 /* CommentInputViewController.m */,
				0F91902813756DCE006CE7B9 /* CommentInputViewController.xib */,
			);
			path = PhotoComposer;
			sourceTree = "<group>";
		};
		0F8FF41E1373B725008BF9AE /* Supporting Files */ = {
			isa = PBXGroup;
			children = (
				0F8FF41F1373B725008BF9AE /* PhotoComposer-Info.plist */,
				0F8FF4201373B725008BF9AE /* InfoPlist.strings */,
				0F8FF4231373B725008BF9AE /* PhotoComposer-Prefix.pch */,
				0F8FF4241373B725008BF9AE /* main.m */,
			);
			name = "Supporting Files";
			sourceTree = "<group>";
		};
/* End PBXGroup section */

/* Begin PBXNativeTarget section */
		0F8FF4121373B725008BF9AE /* PhotoComposer */ = {
			isa = PBXNativeTarget;
			buildConfigurationList = 0F8FF4341373B725008BF9AE /* Build configuration list for PBXNativeTarget "PhotoComposer" */;
			buildPhases = (
				0F8FF40F1373B725008BF9AE /* Sources */,
				0F8FF4101373B725008BF9AE /* Frameworks */,
				0F8FF4111373B725008BF9AE /* Resources */,
			);
			buildRules = (
			);
			dependencies = (
			);
			name = PhotoComposer;
			productName = PhotoComposer;
			productReference = 0F8FF4131373B725008BF9AE /* PhotoComposer.app */;
			productType = "com.apple.product-type.application";
		};
/* End PBXNativeTarget section */

/* Begin PBXProject section */
		0F8FF40A1373B725008BF9AE /* Project object */ = {
			isa = PBXProject;
			attributes = {
				ORGANIZATIONNAME = none;
			};
			buildConfigurationList = 0F8FF40D1373B725008BF9AE /* Build configuration list for PBXProject "PhotoComposer" */;
			compatibilityVersion = "Xcode 3.2";
			developmentRegion = English;
			hasScannedForEncodings = 0;
			knownRegions = (
				en,
			);
			mainGroup = 0F8FF4081373B725008BF9AE;
			productRefGroup = 0F8FF4141373B725008BF9AE /* Products */;
			projectDirPath = "";
			projectRoot = "";
			targets = (
				0F8FF4121373B725008BF9AE /* PhotoComposer */,
			);
		};
/* End PBXProject section */

/* Begin PBXResourcesBuildPhase section */
		0F8FF4111373B725008BF9AE /* Resources */ = {
			isa = PBXResourcesBuildPhase;
			buildActionMask = 2147483647;
			files = (
				0F8FF4221373B725008BF9AE /* InfoPlist.strings in Resources */,
				0F8FF42B1373B725008BF9AE /* MainWindow.xib in Resources */,
				0F8FF4311373B725008BF9AE /* PhotoComposerViewController.xib in Resources */,
				0F8FF4481373D11A008BF9AE /* CameraOverlayViewController.xib in Resources */,
				0F8144951374E3D5000144F2 /* Frame1.png in Resources */,
				0F8144961374E3D5000144F2 /* Frame2.png in Resources */,
				0F8144971374E3D5000144F2 /* Frame3.png in Resources */,
				0F8144981374E3D5000144F2 /* Frame4.png in Resources */,
				0F8144991374E3D5000144F2 /* Frame5.png in Resources */,
				0F81449A1374E3D5000144F2 /* Frame6.png in Resources */,
				0F81449B1374E3D5000144F2 /* Frame7.png in Resources */,
				0F81449C1374E3D5000144F2 /* Frame8.png in Resources */,
				0F81449D1374E3D5000144F2 /* Frame9.png in Resources */,
				0F81449E1374E3D5000144F2 /* Frame10.png in Resources */,
				0F8144AB1374E7D4000144F2 /* FrameSelectorViewController.xib in Resources */,
				0F918FE5137516F4006CE7B9 /* Frame12.png in Resources */,
				0F918FE813751C7E006CE7B9 /* Frame11.png in Resources */,
				0F91902A13756DCF006CE7B9 /* CommentInputViewController.xib in Resources */,
			);
			runOnlyForDeploymentPostprocessing = 0;
		};
/* End PBXResourcesBuildPhase section */

/* Begin PBXSourcesBuildPhase section */
		0F8FF40F1373B725008BF9AE /* Sources */ = {
			isa = PBXSourcesBuildPhase;
			buildActionMask = 2147483647;
			files = (
				0F8FF4251373B725008BF9AE /* main.m in Sources */,
				0F8FF4281373B725008BF9AE /* PhotoComposerAppDelegate.m in Sources */,
				0F8FF42E1373B725008BF9AE /* PhotoComposerViewController.m in Sources */,
				0F8FF4471373D11A008BF9AE /* CameraOverlayViewController.m in Sources */,
				0F8144AA1374E7D4000144F2 /* FrameSelectorViewController.m in Sources */,
				0F91902913756DCF006CE7B9 /* CommentInputViewController.m in Sources */,
			);
			runOnlyForDeploymentPostprocessing = 0;
		};
/* End PBXSourcesBuildPhase section */

/* Begin PBXVariantGroup section */
		0F8FF4201373B725008BF9AE /* InfoPlist.strings */ = {
			isa = PBXVariantGroup;
			children = (
				0F8FF4211373B725008BF9AE /* en */,
			);
			name = InfoPlist.strings;
			sourceTree = "<group>";
		};
		0F8FF4291373B725008BF9AE /* MainWindow.xib */ = {
			isa = PBXVariantGroup;
			children = (
				0F8FF42A1373B725008BF9AE /* en */,
			);
			name = MainWindow.xib;
			sourceTree = "<group>";
		};
		0F8FF42F1373B725008BF9AE /* PhotoComposerViewController.xib */ = {
			isa = PBXVariantGroup;
			children = (
				0F8FF4301373B725008BF9AE /* en */,
			);
			name = PhotoComposerViewController.xib;
			sourceTree = "<group>";
		};
/* End PBXVariantGroup section */

/* Begin XCBuildConfiguration section */
		0F8FF4321373B725008BF9AE /* Debug */ = {
			isa = XCBuildConfiguration;
			buildSettings = {
				ARCHS = "$(ARCHS_STANDARD_32_BIT)";
				CODE_SIGN_IDENTITY = "iPhone Developer: Keijiro Takahashi (TTU92888H4)";
				"CODE_SIGN_IDENTITY[sdk=iphoneos*]" = "iPhone Developer";
				GCC_C_LANGUAGE_STANDARD = gnu99;
				GCC_OPTIMIZATION_LEVEL = 0;
				GCC_PREPROCESSOR_DEFINITIONS = DEBUG;
				GCC_SYMBOLS_PRIVATE_EXTERN = NO;
				GCC_VERSION = com.apple.compilers.llvmgcc42;
				GCC_WARN_ABOUT_RETURN_TYPE = YES;
				GCC_WARN_UNUSED_VARIABLE = YES;
				IPHONEOS_DEPLOYMENT_TARGET = 4.3;
				PROVISIONING_PROFILE = "BB8B4FC9-2702-4553-A774-12C82BE6E7E2";
				SDKROOT = iphoneos;
			};
			name = Debug;
		};
		0F8FF4331373B725008BF9AE /* Release */ = {
			isa = XCBuildConfiguration;
			buildSettings = {
				ARCHS = "$(ARCHS_STANDARD_32_BIT)";
				CODE_SIGN_IDENTITY = "iPhone Developer: Keijiro Takahashi (TTU92888H4)";
				"CODE_SIGN_IDENTITY[sdk=iphoneos*]" = "iPhone Developer";
				GCC_C_LANGUAGE_STANDARD = gnu99;
				GCC_VERSION = com.apple.compilers.llvmgcc42;
				GCC_WARN_ABOUT_RETURN_TYPE = YES;
				GCC_WARN_UNUSED_VARIABLE = YES;
				IPHONEOS_DEPLOYMENT_TARGET = 4.3;
				OTHER_CFLAGS = "-DNS_BLOCK_ASSERTIONS=1";
				PROVISIONING_PROFILE = "BB8B4FC9-2702-4553-A774-12C82BE6E7E2";
				SDKROOT = iphoneos;
			};
			name = Release;
		};
		0F8FF4351373B725008BF9AE /* Debug */ = {
			isa = XCBuildConfiguration;
			buildSettings = {
				ALWAYS_SEARCH_USER_PATHS = NO;
				COPY_PHASE_STRIP = NO;
				GCC_DYNAMIC_NO_PIC = NO;
				GCC_PRECOMPILE_PREFIX_HEADER = YES;
				GCC_PREFIX_HEADER = "PhotoComposer/PhotoComposer-Prefix.pch";
				INFOPLIST_FILE = "PhotoComposer/PhotoComposer-Info.plist";
				PRODUCT_NAME = "$(TARGET_NAME)";
				WRAPPER_EXTENSION = app;
			};
			name = Debug;
		};
		0F8FF4361373B725008BF9AE /* Release */ = {
			isa = XCBuildConfiguration;
			buildSettings = {
				ALWAYS_SEARCH_USER_PATHS = NO;
				COPY_PHASE_STRIP = YES;
				GCC_PRECOMPILE_PREFIX_HEADER = YES;
				GCC_PREFIX_HEADER = "PhotoComposer/PhotoComposer-Prefix.pch";
				INFOPLIST_FILE = "PhotoComposer/PhotoComposer-Info.plist";
				PRODUCT_NAME = "$(TARGET_NAME)";
				VALIDATE_PRODUCT = YES;
				WRAPPER_EXTENSION = app;
			};
			name = Release;
		};
/* End XCBuildConfiguration section */

/* Begin XCConfigurationList section */
		0F8FF40D1373B725008BF9AE /* Build configuration list for PBXProject "PhotoComposer" */ = {
			isa = XCConfigurationList;
			buildConfigurations = (
				0F8FF4321373B725008BF9AE /* Debug */,
				0F8FF4331373B725008BF9AE /* Release */,
			);
			defaultConfigurationIsVisible = 0;
			defaultConfigurationName = Release;
		};
		0F8FF4341373B725008BF9AE /* Build configuration list for PBXNativeTarget "PhotoComposer" */ = {
			isa = XCConfigurationList;
			buildConfigurations = (
				0F8FF4351373B725008BF9AE /* Debug */,
				0F8FF4361373B725008BF9AE /* Release */,
			);
			defaultConfigurationIsVisible = 0;
			defaultConfigurationName = Release;
		};
/* End XCConfigurationList section */
	};
	rootObject = 0F8FF40A1373B725008BF9AE /* Project object */;
}
